{
  "nodes": {
    "cache": {
      "inputs": {
        "nixpkgs": [
          "nixpkgs"
        ]
      },
      "locked": {
        "lastModified": 1783750740,
        "narHash": "sha256-LgVq51N5aCpzm6MLIMoP+EH3LIYNTObxZHmOYsQK2ho=",
        "owner": "cmspam",
        "repo": "coldhardcache",
        "rev": "078a65d33570090803ee9aa829f906c2ccb1fc49",
        "type": "github"
      },
      "original": {
        "owner": "cmspam",
        "repo": "coldhardcache",
        "type": "github"
      }
    },
    "cachyos-kernel": {
      "flake": false,
      "locked": {
        "lastModified": 1783566754,
        "narHash": "sha256-EyVTx67qTNB2utnXRUgOWnaZxV6c07XE2rVCq/qgWxI=",
        "owner": "CachyOS",
        "repo": "linux-cachyos",
        "rev": "4065d7e175fb182a2e30b982b0d8121c97c8d46b",
        "type": "github"
      },
      "original": {
        "owner": "CachyOS",
        "repo": "linux-cachyos",
        "type": "github"
      }
    },
    "cachyos-kernel-patches": {
      "flake": false,
      "locked": {
        "lastModified": 1783564544,
        "narHash": "sha256-oOgjJXRLkTDfOcgPQpHF7MwIBPOf1pHT77EC/YVfkm4=",
        "owner": "CachyOS",
        "repo": "kernel-patches",
        "rev": "c624c9c8cffc11dd619a7d37f903556c60d24e9c",
        "type": "github"
      },
      "original": {
        "owner": "CachyOS",
        "repo": "kernel-patches",
        "type": "github"
      }
    },
    "crane": {
      "locked": {
        "lastModified": 1783203018,
        "narHash": "sha256-G6R9IT/xwFuu+CYBWDUAok6AdC4ERC4ZfPPFtEpxnZE=",
        "owner": "ipetkov",
        "repo": "crane",
        "rev": "80db5bdc391be8a1794f6d8a2d56e3a84ebcede2",
        "type": "github"
      },
      "original": {
        "owner": "ipetkov",
        "repo": "crane",
        "type": "github"
      }
    },
    "flake-compat": {
      "flake": false,
      "locked": {
        "lastModified": 1767039857,
        "narHash": "sha256-vNpUSpF5Nuw8xvDLj2KCwwksIbjua2LZCqhV1LNRDns=",
        "owner": "NixOS",
        "repo": "flake-compat",
        "rev": "5edf11c44bc78a0d334f6334cdaf7d60d732daab",
        "type": "github"
      },
      "original": {
        "owner": "NixOS",
        "repo": "flake-compat",
        "type": "github"
      }
    },
    "flake-compat_2": {
      "flake": false,
      "locked": {
        "lastModified": 1767039857,
        "narHash": "sha256-vNpUSpF5Nuw8xvDLj2KCwwksIbjua2LZCqhV1LNRDns=",
        "owner": "NixOS",
        "repo": "flake-compat",
        "rev": "5edf11c44bc78a0d334f6334cdaf7d60d732daab",
        "type": "github"
      },
      "original": {
        "owner": "NixOS",
        "repo": "flake-compat",
        "type": "github"
      }
    },
    "flake-parts": {
      "inputs": {
        "nixpkgs-lib": "nixpkgs-lib"
      },
      "locked": {
        "lastModified": 1782949081,
        "narHash": "sha256-vp6Y/Grm98ESt6ceOkWiHWyZRDV3J1RID4w+6NWK9yA=",
        "owner": "hercules-ci",
        "repo": "flake-parts",
        "rev": "17c9d6cdfc60c64f4ee8d306f9bc0b4ccb51481e",
        "type": "github"
      },
      "original": {
        "owner": "hercules-ci",
        "repo": "flake-parts",
        "type": "github"
      }
    },
    "flake-utils": {
      "inputs": {
        "systems": "systems"
      },
      "locked": {
        "lastModified": 1731533236,
        "narHash": "sha256-l0KFg5HjrsfsO/JpG+r7fRrqm12kzFHyUHqHCVpMMbI=",
        "owner": "numtide",
        "repo": "flake-utils",
        "rev": "11707dc2f618dd54ca8739b309ec4fc024de578b",
        "type": "github"
      },
      "original": {
        "owner": "numtide",
        "repo": "flake-utils",
        "type": "github"
      }
    },
    "hapticctl": {
      "inputs": {
        "flake-utils": "flake-utils",
        "nixpkgs": [
          "nixpkgs"
        ]
      },
      "locked": {
        "lastModified": 1774469704,
        "narHash": "sha256-p4FSHlpBnIOjxAMjvIe9n3CcXntHsmrYwo9v0UVpM70=",
        "owner": "cmspam",
        "repo": "hapticctl",
        "rev": "ab51f44f5a02c88bb1289daeea6b3239244ed09e",
        "type": "github"
      },
      "original": {
        "owner": "cmspam",
        "repo": "hapticctl",
        "type": "github"
      }
    },
    "jovian": {
      "inputs": {
        "nix-github-actions": "nix-github-actions",
        "nixpkgs": [
          "nixpkgs"
        ]
      },
      "locked": {
        "lastModified": 1783616501,
        "narHash": "sha256-kzxvD/qP4CZHFRuszPw0fr5N2Q7/1OxT5DBs2ERx/2Q=",
        "owner": "Jovian-Experiments",
        "repo": "Jovian-NixOS",
        "rev": "eb1d4e013417487d515db93fafcd3e75c9e0f843",
        "type": "github"
      },
      "original": {
        "owner": "Jovian-Experiments",
        "repo": "Jovian-NixOS",
        "type": "github"
      }
    },
    "lanzaboote": {
      "inputs": {
        "crane": "crane",
        "nixpkgs": [
          "nixpkgs"
        ],
        "pre-commit": "pre-commit",
        "rust-overlay": "rust-overlay"
      },
      "locked": {
        "lastModified": 1783496806,
        "narHash": "sha256-6B6CQUk1dPc8l/+otaGiYbuX8qeX/0VmSUQ+qSn0/uA=",
        "owner": "nix-community",
        "repo": "lanzaboote",
        "rev": "6183ac79eadb079a1e72fa2c60915601be669100",
        "type": "github"
      },
      "original": {
        "owner": "nix-community",
        "repo": "lanzaboote",
        "type": "github"
      }
    },
    "nix-cachyos-kernel": {
      "inputs": {
        "cachyos-kernel": "cachyos-kernel",
        "cachyos-kernel-patches": "cachyos-kernel-patches",
        "flake-compat": "flake-compat_2",
        "flake-parts": "flake-parts",
        "nixpkgs": "nixpkgs"
      },
      "locked": {
        "lastModified": 1783710455,
        "narHash": "sha256-w5ALD125oHIa5MVhoBXo3qx2ktvRvJ+1p8UScV9f8OI=",
        "owner": "xddxdd",
        "repo": "nix-cachyos-kernel",
        "rev": "4673c8f6d48baf2ec3f14b6a9f8c4ecfb0810d6f",
        "type": "github"
      },
      "original": {
        "owner": "xddxdd",
        "ref": "release",
        "repo": "nix-cachyos-kernel",
        "type": "github"
      }
    },
    "nix-github-actions": {
      "inputs": {
        "nixpkgs": [
          "jovian",
          "nixpkgs"
        ]
      },
      "locked": {
        "lastModified": 1729697500,
        "narHash": "sha256-VFTWrbzDlZyFHHb1AlKRiD/qqCJIripXKiCSFS8fAOY=",
        "owner": "zhaofengli",
        "repo": "nix-github-actions",
        "rev": "e418aeb728b6aa5ca8c5c71974e7159c2df1d8cf",
        "type": "github"
      },
      "original": {
        "owner": "zhaofengli",
        "ref": "matrix-name",
        "repo": "nix-github-actions",
        "type": "github"
      }
    },
    "nixos-hardware": {
      "inputs": {
        "nixpkgs": "nixpkgs_2"
      },
      "locked": {
        "lastModified": 1783692676,
        "narHash": "sha256-6FXlRphexzMo3HpoN0NxEl7uQoE8llWeNJrD8NMA/CY=",
        "owner": "nixos",
        "repo": "nixos-hardware",
        "rev": "4471c6a218fe813ad4838c400866c8845d3eba6b",
        "type": "github"
      },
      "original": {
        "owner": "nixos",
        "repo": "nixos-hardware",
        "type": "github"
      }
    },
    "nixpkgs": {
      "locked": {
        "lastModified": 1783693695,
        "narHash": "sha256-ll8SjCNgwWuou5Q64GMjuUrrqRJW1gy3uCMjd+oa9KA=",
        "owner": "NixOS",
        "repo": "nixpkgs",
        "rev": "dc29ee8fa098c86053cc8ef25594738f28be5b6b",
        "type": "github"
      },
      "original": {
        "owner": "NixOS",
        "ref": "nixos-unstable-small",
        "repo": "nixpkgs",
        "type": "github"
      }
    },
    "nixpkgs-lib": {
      "locked": {
        "lastModified": 1782614948,
        "narHash": "sha256-ePjCwr1sNm9NYUqywL7QfK3JnlS015msC+eBu2zKlp8=",
        "owner": "nix-community",
        "repo": "nixpkgs.lib",
        "rev": "db3f255737b94216eb71cce308e2912cf6bc2d7c",
        "type": "github"
      },
      "original": {
        "owner": "nix-community",
        "repo": "nixpkgs.lib",
        "type": "github"
      }
    },
    "nixpkgs-stable": {
      "locked": {
        "lastModified": 1782847189,
        "narHash": "sha256-twXPFqFsrrY5r28Zh7Homgcp2gUMBgQ6WDS98Q/3xFI=",
        "owner": "nixos",
        "repo": "nixpkgs",
        "rev": "b6018f87da91d19d0ab4cf979885689b469cdd41",
        "type": "github"
      },
      "original": {
        "owner": "nixos",
        "ref": "nixos-25.11",
        "repo": "nixpkgs",
        "type": "github"
      }
    },
    "nixpkgs_2": {
      "locked": {
        "lastModified": 1767892417,
        "narHash": "sha256-8bW3q88CEg2u4hSP66Vf4lpbLonHz7hqDNBMcCY7E9U=",
        "rev": "3497aa5c9457a9d88d71fa93a4a8368816fbeeba",
        "type": "tarball",
        "url": "https://releases.nixos.org/nixos/unstable/nixos-26.05pre924538.3497aa5c9457/nixexprs.tar.xz"
      },
      "original": {
        "type": "tarball",
        "url": "https://channels.nixos.org/nixos-unstable/nixexprs.tar.xz"
      }
    },
    "nixpkgs_3": {
      "locked": {
        "lastModified": 1783522502,
        "narHash": "sha256-iffAls3iaNTyJC2faYcUXSI+Gp02cDjYl+MygxKl2GI=",
        "owner": "nixos",
        "repo": "nixpkgs",
        "rev": "0bb7ec54c8483066ec9d7720e780a5caa71f8612",
        "type": "github"
      },
      "original": {
        "owner": "nixos",
        "ref": "nixos-unstable",
        "repo": "nixpkgs",
        "type": "github"
      }
    },
    "pre-commit": {
      "inputs": {
        "flake-compat": "flake-compat",
        "nixpkgs": [
          "lanzaboote",
          "nixpkgs"
        ]
      },
      "locked": {
        "lastModified": 1783008725,
        "narHash": "sha256-jGiy6+sxjNWXSjp25uoJuNfyH9zBK1PEDY0lVoL4ibQ=",
        "owner": "cachix",
        "repo": "git-hooks.nix",
        "rev": "bca82caa46d5ec0f5d422c61fb1e30bc51313cbe",
        "type": "github"
      },
      "original": {
        "owner": "cachix",
        "repo": "git-hooks.nix",
        "type": "github"
      }
    },
    "qemu-patched": {
      "inputs": {
        "nixpkgs": [
          "nixpkgs"
        ]
      },
      "locked": {
        "lastModified": 1783710342,
        "narHash": "sha256-Uks97Tv1ICLuoTAui0kWHr+e6aQQg0pZyfkX3W/KX1s=",
        "owner": "cmspam",
        "repo": "qemu-patched",
        "rev": "0b6ceed62d6a55afebbdd1ad7fffa6640756bcf3",
        "type": "github"
      },
      "original": {
        "owner": "cmspam",
        "ref": "master-git",
        "repo": "qemu-patched",
        "type": "github"
      }
    },
    "root": {
      "inputs": {
        "cache": "cache",
        "hapticctl": "hapticctl",
        "jovian": "jovian",
        "lanzaboote": "lanzaboote",
        "nix-cachyos-kernel": "nix-cachyos-kernel",
        "nixos-hardware": "nixos-hardware",
        "nixpkgs": "nixpkgs_3",
        "nixpkgs-stable": "nixpkgs-stable",
        "qemu-patched": "qemu-patched"
      }
    },
    "rust-overlay": {
      "inputs": {
        "nixpkgs": [
          "lanzaboote",
          "nixpkgs"
        ]
      },
      "locked": {
        "lastModified": 1783488441,
        "narHash": "sha256-jmWf+H3iC/0z7/mmvTovaJx1E/LME1QyHkyk+AFfJPk=",
        "owner": "oxalica",
        "repo": "rust-overlay",
        "rev": "7dc3a177a239ed879c5581a80f6dc246c7e102f1",
        "type": "github"
      },
      "original": {
        "owner": "oxalica",
        "repo": "rust-overlay",
        "type": "github"
      }
    },
    "systems": {
      "locked": {
        "lastModified": 1681028828,
        "narHash": "sha256-Vy1rq5AaRuLzOxct8nz4T6wlgyUR7zLU309k9mBC768=",
        "owner": "nix-systems",
        "repo": "default",
        "rev": "da67096a3b9bf56a91d16901293e51ba5b49a27e",
        "type": "github"
      },
      "original": {
        "owner": "nix-systems",
        "repo": "default",
        "type": "github"
      }
    }
  },
  "root": "root",
  "version": 7
}
